
Microsoft Visual Studio Solution File, Format Version 12.00
# Visual Studio 15
VisualStudioVersion = 15.0.27428.2015
MinimumVisualStudioVersion = 10.0.40219.1
Project("{FAE04EC0-301F-11D3-BF4B-00C04F79EFBC}") = "HM2", "HM2\HM2.csproj", "{1060B616-DD66-4B43-B7C9-31DADB4514D2}"
EndProject
Global
	GlobalSection(SolutionConfigurationPlatforms) = preSolution
		Debug|x86 = Debug|x86
		Release|x86 = Release|x86
	EndGlobalSection
	GlobalSection(ProjectConfigurationPlatforms) = postSolution
		{1060B616-DD66-4B43-B7C9-31DADB4514D2}.Debug|x86.ActiveCfg = Debug|x86
		{1060B616-DD66-4B43-B7C9-31DADB4514D2}.Debug|x86.Build.0 = Debug|x86
		{1060B616-DD66-4B43-B7C9-31DADB4514D2}.Release|x86.ActiveCfg = Release|x86
		{1060B616-DD66-4B43-B7C9-31DADB4514D2}.Release|x86.Build.0 = Release|x86
	EndGlobalSection
	GlobalSection(SolutionProperties) = preSolution
		HideSolutionNode = FALSE
	EndGlobalSection
	GlobalSection(ExtensibilityGlobals) = postSolution
		SolutionGuid = {AFF24901-E0E8-439D-8DF4-383247727DF4}
	EndGlobalSection
EndGlobal
